github.com/12yanogden/intslices v0.0.0-20240101183035-5fced076a142 h1:EGrD7BnCbABuuEyOAJ5fKXMLEaSW9eXDJH/obynI1vo=
github.com/12yanogden/intslices v0.0.0-20240101183035-5fced076a142/go.mod h1:QwFE7MGn0dB6lb/r/ANVvhNUHSQO5Y2uPUDVKIMmQZg=
github.com/12yanogden/strslices v0.0.0-20240119012840-ffc0a17fcd27 h1:PuR0KRN4M35+NLdnMEYOGMypQfSch5Wokjs8bbRuHCA=
github.com/12yanogden/strslices v0.0.0-20240119012840-ffc0a17fcd27/go.mod h1:XgV7jQfAwfdQEeDTFLai5JrdpokUpWX7xwJgIeym72M=
